{
  "name": "blazorgridstack",
  "version": "1.0.0",
  "lockfileVersion": 2,
  "requires": true,
  "packages": {
    "": {
      "name": "blazorgridstack",
      "version": "1.0.0",
      "license": "ISC",
      "dependencies": {
        "gridstack": "^7.1.0"
      }
    },
    "node_modules/gridstack": {
      "version": "7.1.0",
      "resolved": "https://registry.npmjs.org/gridstack/-/gridstack-7.1.0.tgz",
      "integrity": "sha512-lLRUfZvDNphtmHtf/wVSA1dgipFeHQUi21G5rO+YtYzC8kbTWkLE8GoNA5k8qbUj8uzEhK7iKNrppo3hJWRWRA==",
      "funding": [
        {
          "type": "paypal",
          "url": "https://www.paypal.me/alaind831"
        },
        {
          "type": "venmo",
          "url": "https://www.venmo.com/adumesny"
        }
      ]
    }
  },
  "dependencies": {
    "gridstack": {
      "version": "7.1.0",
      "resolved": "https://registry.npmjs.org/gridstack/-/gridstack-7.1.0.tgz",
      "integrity": "sha512-lLRUfZvDNphtmHtf/wVSA1dgipFeHQUi21G5rO+YtYzC8kbTWkLE8GoNA5k8qbUj8uzEhK7iKNrppo3hJWRWRA=="
    }
  }
}
